{
  "originHash" : "33f2d2ccb3d05424665a1fdd37eedbda4c123c701239527dd58a51b6700cd4e8",
  "pins" : [
    {
      "identity" : "tom-ios-sdk",
      "kind" : "remoteSourceControl",
      "location" : "git@github.com:GP-tom/tom-ios-sdk.git",
      "state" : {
        "revision" : "229c779f3b20a091efb3c1745ddc68197d1bd9ab",
        "version" : "1.0.5"
      }
    }
  ],
  "version" : 3
}
