{
  "originHash" : "33f2d2ccb3d05424665a1fdd37eedbda4c123c701239527dd58a51b6700cd4e8",
  "pins" : [
    {
      "identity" : "tom-ios-sdk",
      "kind" : "remoteSourceControl",
      "location" : "git@github.com:GP-tom/tom-ios-sdk.git",
      "state" : {
        "revision" : "b09da2dc8851bde9f6c555cb7ca0bd4acb963bb2",
        "version" : "1.5.0"
      }
    }
  ],
  "version" : 3
}
