{
  "originHash" : "33f2d2ccb3d05424665a1fdd37eedbda4c123c701239527dd58a51b6700cd4e8",
  "pins" : [
    {
      "identity" : "tom-ios-sdk",
      "kind" : "remoteSourceControl",
      "location" : "git@github.com:GP-tom/tom-ios-sdk.git",
      "state" : {
        "revision" : "36cd5cb0cdcf55332ac9f4e58cae92c8891506bb",
        "version" : "1.11.2"
      }
    }
  ],
  "version" : 3
}
